
Microsoft Visual Studio Solution File, Format Version 12.00
Project("{FAE04EC0-301F-11D3-BF4B-00C04F79EFBC}") = "Service", "Service\Service.csproj", "{EEBB0ED3-99DB-427F-86D4-4A881D4742E0}"
EndProject
Global
	GlobalSection(SolutionConfigurationPlatforms) = preSolution
		Debug|Any CPU = Debug|Any CPU
		Release|Any CPU = Release|Any CPU
	EndGlobalSection
	GlobalSection(ProjectConfigurationPlatforms) = postSolution
		{EEBB0ED3-99DB-427F-86D4-4A881D4742E0}.Debug|Any CPU.ActiveCfg = Debug|Any CPU
		{EEBB0ED3-99DB-427F-86D4-4A881D4742E0}.Debug|Any CPU.Build.0 = Debug|Any CPU
		{EEBB0ED3-99DB-427F-86D4-4A881D4742E0}.Release|Any CPU.ActiveCfg = Release|Any CPU
		{EEBB0ED3-99DB-427F-86D4-4A881D4742E0}.Release|Any CPU.Build.0 = Release|Any CPU
	EndGlobalSection
EndGlobal
